// !$*UTF8*$!
{
	archiveVersion = 1;
	classes = {
	};
	objectVersion = 56;
	objects = {

/* Begin PBXBuildFile section */
		D476C6DF2C0B101200CF5D5D /* AppDelegate.swift in Sources */ = {isa = PBXBuildFile; fileRef = D476C6DE2C0B101200CF5D5D /* AppDelegate.swift */; };
		D476C6E12C0B101200CF5D5D /* SceneDelegate.swift in Sources */ = {isa = PBXBuildFile; fileRef = D476C6E02C0B101200CF5D5D /* SceneDelegate.swift */; };
		D476C6E32C0B101200CF5D5D /* ViewController.swift in Sources */ = {isa = PBXBuildFile; fileRef = D476C6E22C0B101200CF5D5D /* ViewController.swift */; };
		D476C6E62C0B101200CF5D5D /* Main.storyboard in Resources */ = {isa = PBXBuildFile; fileRef = D476C6E42C0B101200CF5D5D /* Main.storyboard */; };
		D476C6E82C0B101400CF5D5D /* Assets.xcassets in Resources */ = {isa = PBXBuildFile; fileRef = D476C6E72C0B101400CF5D5D /* Assets.xcassets */; };
		D476C6EB2C0B101400CF5D5D /* LaunchScreen.storyboard in Resources */ = {isa = PBXBuildFile; fileRef = D476C6E92C0B101400CF5D5D /* LaunchScreen.storyboard */; };
		D476C6F62C0B101400CF5D5D /* ChartTests.swift in Sources */ = {isa = PBXBuildFile; fileRef = D476C6F52C0B101400CF5D5D /* ChartTests.swift */; };
		D476C7002C0B101400CF5D5D /* ChartUITests.swift in Sources */ = {isa = PBXBuildFile; fileRef = D476C6FF2C0B101400CF5D5D /* ChartUITests.swift */; };
		D476C7022C0B101400CF5D5D /* ChartUITestsLaunchTests.swift in Sources */ = {isa = PBXBuildFile; fileRef = D476C7012C0B101400CF5D5D /* ChartUITestsLaunchTests.swift */; };
		D476C7102C0B132200CF5D5D /* DGCharts in Frameworks */ = {isa = PBXBuildFile; productRef = D476C70F2C0B132200CF5D5D /* DGCharts */; };
/* End PBXBuildFile section */

/* Begin PBXContainerItemProxy section */
		D476C6F22C0B101400CF5D5D /* PBXContainerItemProxy */ = {
			isa = PBXContainerItemProxy;
			containerPortal = D476C6D32C0B101200CF5D5D /* Project object */;
			proxyType = 1;
			remoteGlobalIDString = D476C6DA2C0B101200CF5D5D;
			remoteInfo = Chart;
		};
		D476C6FC2C0B101400CF5D5D /* PBXContainerItemProxy */ = {
			isa = PBXContainerItemProxy;
			containerPortal = D476C6D32C0B101200CF5D5D /* Project object */;
			proxyType = 1;
			remoteGlobalIDString = D476C6DA2C0B101200CF5D5D;
			remoteInfo = Chart;
		};
/* End PBXContainerItemProxy section */

/* Begin PBXFileReference section */
		D476C6DB2C0B101200CF5D5D /* Chart.app */ = {isa = PBXFileReference; explicitFileType = wrapper.application; includeInIndex = 0; path = Chart.app; sourceTree = BUILT_PRODUCTS_DIR; };
		D476C6DE2C0B101200CF5D5D /* AppDelegate.swift */ = {isa = PBXFileReference; lastKnownFileType = sourcecode.swift; path = AppDelegate.swift; sourceTree = "<group>"; };
		D476C6E02C0B101200CF5D5D /* SceneDelegate.swift */ = {isa = PBXFileReference; lastKnownFileType = sourcecode.swift; path = SceneDelegate.swift; sourceTree = "<group>"; };
		D476C6E22C0B101200CF5D5D /* ViewController.swift */ = {isa = PBXFileReference; lastKnownFileType = sourcecode.swift; path = ViewController.swift; sourceTree = "<group>"; };
		D476C6E52C0B101200CF5D5D /* Base */ = {isa = PBXFileReference; lastKnownFileType = file.storyboard; name = Base; path = Base.lproj/Main.storyboard; sourceTree = "<group>"; };
		D476C6E72C0B101400CF5D5D /* Assets.xcassets */ = {isa = PBXFileReference; lastKnownFileType = folder.assetcatalog; path = Assets.xcassets; sourceTree = "<group>"; };
		D476C6EA2C0B101400CF5D5D /* Base */ = {isa = PBXFileReference; lastKnownFileType = file.storyboard; name = Base; path = Base.lproj/LaunchScreen.storyboard; sourceTree = "<group>"; };
		D476C6EC2C0B101400CF5D5D /* Info.plist */ = {isa = PBXFileReference; lastKnownFileType = text.plist.xml; path = Info.plist; sourceTree = "<group>"; };
		D476C6F12C0B101400CF5D5D /* ChartTests.xctest */ = {isa = PBXFileReference; explicitFileType = wrapper.cfbundle; includeInIndex = 0; path = ChartTests.xctest; sourceTree = BUILT_PRODUCTS_DIR; };
		D476C6F52C0B101400CF5D5D /* ChartTests.swift */ = {isa = PBXFileReference; lastKnownFileType = sourcecode.swift; path = ChartTests.swift; sourceTree = "<group>"; };
		D476C6FB2C0B101400CF5D5D /* ChartUITests.xctest */ = {isa = PBXFileReference; explicitFileType = wrapper.cfbundle; includeInIndex = 0; path = ChartUITests.xctest; sourceTree = BUILT_PRODUCTS_DIR; };
		D476C6FF2C0B101400CF5D5D /* ChartUITests.swift */ = {isa = PBXFileReference; lastKnownFileType = sourcecode.swift; path = ChartUITests.swift; sourceTree = "<group>"; };
		D476C7012C0B101400CF5D5D /* ChartUITestsLaunchTests.swift */ = {isa = PBXFileReference; lastKnownFileType = sourcecode.swift; path = ChartUITestsLaunchTests.swift; sourceTree = "<group>"; };
/* End PBXFileReference section */

/* Begin PBXFrameworksBuildPhase section */
		D476C6D82C0B101200CF5D5D /* Frameworks */ = {
			isa = PBXFrameworksBuildPhase;
			buildActionMask = 2147483647;
			files = (
				D476C7102C0B132200CF5D5D /* DGCharts in Frameworks */,
			);
			runOnlyForDeploymentPostprocessing = 0;
		};
		D476C6EE2C0B101400CF5D5D /* Frameworks */ = {
			isa = PBXFrameworksBuildPhase;
			buildActionMask = 2147483647;
			files = (
			);
			runOnlyForDeploymentPostprocessing = 0;
		};
		D476C6F82C0B101400CF5D5D /* Frameworks */ = {
			isa = PBXFrameworksBuildPhase;
			buildActionMask = 2147483647;
			files = (
			);
			runOnlyForDeploymentPostprocessing = 0;
		};
/* End PBXFrameworksBuildPhase section */

/* Begin PBXGroup section */
		D476C6D22C0B101200CF5D5D = {
			isa = PBXGroup;
			children = (
				D476C6DD2C0B101200CF5D5D /* Chart */,
				D476C6F42C0B101400CF5D5D /* ChartTests */,
				D476C6FE2C0B101400CF5D5D /* ChartUITests */,
				D476C6DC2C0B101200CF5D5D /* Products */,
			);
			sourceTree = "<group>";
		};
		D476C6DC2C0B101200CF5D5D /* Products */ = {
			isa = PBXGroup;
			children = (
				D476C6DB2C0B101200CF5D5D /* Chart.app */,
				D476C6F12C0B101400CF5D5D /* ChartTests.xctest */,
				D476C6FB2C0B101400CF5D5D /* ChartUITests.xctest */,
			);
			name = Products;
			sourceTree = "<group>";
		};
		D476C6DD2C0B101200CF5D5D /* Chart */ = {
			isa = PBXGroup;
			children = (
				D476C6DE2C0B101200CF5D5D /* AppDelegate.swift */,
				D476C6E02C0B101200CF5D5D /* SceneDelegate.swift */,
				D476C6E22C0B101200CF5D5D /* ViewController.swift */,
				D476C6E42C0B101200CF5D5D /* Main.storyboard */,
				D476C6E72C0B101400CF5D5D /* Assets.xcassets */,
				D476C6E92C0B101400CF5D5D /* LaunchScreen.storyboard */,
				D476C6EC2C0B101400CF5D5D /* Info.plist */,
			);
			path = Chart;
			sourceTree = "<group>";
		};
		D476C6F42C0B101400CF5D5D /* ChartTests */ = {
			isa = PBXGroup;
			children = (
				D476C6F52C0B101400CF5D5D /* ChartTests.swift */,
			);
			path = ChartTests;
			sourceTree = "<group>";
		};
		D476C6FE2C0B101400CF5D5D /* ChartUITests */ = {
			isa = PBXGroup;
			children = (
				D476C6FF2C0B101400CF5D5D /* ChartUITests.swift */,
				D476C7012C0B101400CF5D5D /* ChartUITestsLaunchTests.swift */,
			);
			path = ChartUITests;
			sourceTree = "<group>";
		};
/* End PBXGroup section */

/* Begin PBXNativeTarget section */
		D476C6DA2C0B101200CF5D5D /* Chart */ = {
			isa = PBXNativeTarget;
			buildConfigurationList = D476C7052C0B101400CF5D5D /* Build configuration list for PBXNativeTarget "Chart" */;
			buildPhases = (
				D476C6D72C0B101200CF5D5D /* Sources */,
				D476C6D82C0B101200CF5D5D /* Frameworks */,
				D476C6D92C0B101200CF5D5D /* Resources */,
			);
			buildRules = (
			);
			dependencies = (
			);
			name = Chart;
			packageProductDependencies = (
				D476C70F2C0B132200CF5D5D /* DGCharts */,
			);
			productName = Chart;
			productReference = D476C6DB2C0B101200CF5D5D /* Chart.app */;
			productType = "com.apple.product-type.application";
		};
		D476C6F02C0B101400CF5D5D /* ChartTests */ = {
			isa = PBXNativeTarget;
			buildConfigurationList = D476C7082C0B101400CF5D5D /* Build configuration list for PBXNativeTarget "ChartTests" */;
			buildPhases = (
				D476C6ED2C0B101400CF5D5D /* Sources */,
				D476C6EE2C0B101400CF5D5D /* Frameworks */,
				D476C6EF2C0B101400CF5D5D /* Resources */,
			);
			buildRules = (
			);
			dependencies = (
				D476C6F32C0B101400CF5D5D /* PBXTargetDependency */,
			);
			name = ChartTests;
			productName = ChartTests;
			productReference = D476C6F12C0B101400CF5D5D /* ChartTests.xctest */;
			productType = "com.apple.product-type.bundle.unit-test";
		};
		D476C6FA2C0B101400CF5D5D /* ChartUITests */ = {
			isa = PBXNativeTarget;
			buildConfigurationList = D476C70B2C0B101400CF5D5D /* Build configuration list for PBXNativeTarget "ChartUITests" */;
			buildPhases = (
				D476C6F72C0B101400CF5D5D /* Sources */,
				D476C6F82C0B101400CF5D5D /* Frameworks */,
				D476C6F92C0B101400CF5D5D /* Resources */,
			);
			buildRules = (
			);
			dependencies = (
				D476C6FD2C0B101400CF5D5D /* PBXTargetDependency */,
			);
			name = ChartUITests;
			productName = ChartUITests;
			productReference = D476C6FB2C0B101400CF5D5D /* ChartUITests.xctest */;
			productType = "com.apple.product-type.bundle.ui-testing";
		};
/* End PBXNativeTarget section */

/* Begin PBXProject section */
		D476C6D32C0B101200CF5D5D /* Project object */ = {
			isa = PBXProject;
			attributes = {
				BuildIndependentTargetsInParallel = 1;
				LastSwiftUpdateCheck = 1520;
				LastUpgradeCheck = 1520;
				TargetAttributes = {
					D476C6DA2C0B101200CF5D5D = {
						CreatedOnToolsVersion = 15.2;
					};
					D476C6F02C0B101400CF5D5D = {
						CreatedOnToolsVersion = 15.2;
						TestTargetID = D476C6DA2C0B101200CF5D5D;
					};
					D476C6FA2C0B101400CF5D5D = {
						CreatedOnToolsVersion = 15.2;
						TestTargetID = D476C6DA2C0B101200CF5D5D;
					};
				};
			};
			buildConfigurationList = D476C6D62C0B101200CF5D5D /* Build configuration list for PBXProject "Chart" */;
			compatibilityVersion = "Xcode 14.0";
			developmentRegion = en;
			hasScannedForEncodings = 0;
			knownRegions = (
				en,
				Base,
			);
			mainGroup = D476C6D22C0B101200CF5D5D;
			packageReferences = (
				D476C70E2C0B11F800CF5D5D /* XCRemoteSwiftPackageReference "Charts" */,
			);
			productRefGroup = D476C6DC2C0B101200CF5D5D /* Products */;
			projectDirPath = "";
			projectRoot = "";
			targets = (
				D476C6DA2C0B101200CF5D5D /* Chart */,
				D476C6F02C0B101400CF5D5D /* ChartTests */,
				D476C6FA2C0B101400CF5D5D /* ChartUITests */,
			);
		};
/* End PBXProject section */

/* Begin PBXResourcesBuildPhase section */
		D476C6D92C0B101200CF5D5D /* Resources */ = {
			isa = PBXResourcesBuildPhase;
			buildActionMask = 2147483647;
			files = (
				D476C6EB2C0B101400CF5D5D /* LaunchScreen.storyboard in Resources */,
				D476C6E82C0B101400CF5D5D /* Assets.xcassets in Resources */,
				D476C6E62C0B101200CF5D5D /* Main.storyboard in Resources */,
			);
			runOnlyForDeploymentPostprocessing = 0;
		};
		D476C6EF2C0B101400CF5D5D /* Resources */ = {
			isa = PBXResourcesBuildPhase;
			buildActionMask = 2147483647;
			files = (
			);
			runOnlyForDeploymentPostprocessing = 0;
		};
		D476C6F92C0B101400CF5D5D /* Resources */ = {
			isa = PBXResourcesBuildPhase;
			buildActionMask = 2147483647;
			files = (
			);
			runOnlyForDeploymentPostprocessing = 0;
		};
/* End PBXResourcesBuildPhase section */

/* Begin PBXSourcesBuildPhase section */
		D476C6D72C0B101200CF5D5D /* Sources */ = {
			isa = PBXSourcesBuildPhase;
			buildActionMask = 2147483647;
			files = (
				D476C6E32C0B101200CF5D5D /* ViewController.swift in Sources */,
				D476C6DF2C0B101200CF5D5D /* AppDelegate.swift in Sources */,
				D476C6E12C0B101200CF5D5D /* SceneDelegate.swift in Sources */,
			);
			runOnlyForDeploymentPostprocessing = 0;
		};
		D476C6ED2C0B101400CF5D5D /* Sources */ = {
			isa = PBXSourcesBuildPhase;
			buildActionMask = 2147483647;
			files = (
				D476C6F62C0B101400CF5D5D /* ChartTests.swift in Sources */,
			);
			runOnlyForDeploymentPostprocessing = 0;
		};
		D476C6F72C0B101400CF5D5D /* Sources */ = {
			isa = PBXSourcesBuildPhase;
			buildActionMask = 2147483647;
			files = (
				D476C7002C0B101400CF5D5D /* ChartUITests.swift in Sources */,
				D476C7022C0B101400CF5D5D /* ChartUITestsLaunchTests.swift in Sources */,
			);
			runOnlyForDeploymentPostprocessing = 0;
		};
/* End PBXSourcesBuildPhase section */

/* Begin PBXTargetDependency section */
		D476C6F32C0B101400CF5D5D /* PBXTargetDependency */ = {
			isa = PBXTargetDependency;
			target = D476C6DA2C0B101200CF5D5D /* Chart */;
			targetProxy = D476C6F22C0B101400CF5D5D /* PBXContainerItemProxy */;
		};
		D476C6FD2C0B101400CF5D5D /* PBXTargetDependency */ = {
			isa = PBXTargetDependency;
			target = D476C6DA2C0B101200CF5D5D /* Chart */;
			targetProxy = D476C6FC2C0B101400CF5D5D /* PBXContainerItemProxy */;
		};
/* End PBXTargetDependency section */

/* Begin PBXVariantGroup section */
		D476C6E42C0B101200CF5D5D /* Main.storyboard */ = {
			isa = PBXVariantGroup;
			children = (
				D476C6E52C0B101200CF5D5D /* Base */,
			);
			name = Main.storyboard;
			sourceTree = "<group>";
		};
		D476C6E92C0B101400CF5D5D /* LaunchScreen.storyboard */ = {
			isa = PBXVariantGroup;
			children = (
				D476C6EA2C0B101400CF5D5D /* Base */,
			);
			name = LaunchScreen.storyboard;
			sourceTree = "<group>";
		};
/* End PBXVariantGroup section */

/* Begin XCBuildConfiguration section */
		D476C7032C0B101400CF5D5D /* Debug */ = {
			isa = XCBuildConfiguration;
			buildSettings = {
				ALWAYS_SEARCH_USER_PATHS = NO;
				ASSETCATALOG_COMPILER_GENERATE_SWIFT_ASSET_SYMBOL_EXTENSIONS = YES;
				CLANG_ANALYZER_NONNULL = YES;
				CLANG_ANALYZER_NUMBER_OBJECT_CONVERSION = YES_AGGRESSIVE;
				CLANG_CXX_LANGUAGE_STANDARD = "gnu++20";
				CLANG_ENABLE_MODULES = YES;
				CLANG_ENABLE_OBJC_ARC = YES;
				CLANG_ENABLE_OBJC_WEAK = YES;
				CLANG_WARN_BLOCK_CAPTURE_AUTORELEASING = YES;
				CLANG_WARN_BOOL_CONVERSION = YES;
				CLANG_WARN_COMMA = YES;
				CLANG_WARN_CONSTANT_CONVERSION = YES;
				CLANG_WARN_DEPRECATED_OBJC_IMPLEMENTATIONS = YES;
				CLANG_WARN_DIRECT_OBJC_ISA_USAGE = YES_ERROR;
				CLANG_WARN_DOCUMENTATION_COMMENTS = YES;
				CLANG_WARN_EMPTY_BODY = YES;
				CLANG_WARN_ENUM_CONVERSION = YES;
				CLANG_WARN_INFINITE_RECURSION = YES;
				CLANG_WARN_INT_CONVERSION = YES;
				CLANG_WARN_NON_LITERAL_NULL_CONVERSION = YES;
				CLANG_WARN_OBJC_IMPLICIT_RETAIN_SELF = YES;
				CLANG_WARN_OBJC_LITERAL_CONVERSION = YES;
				CLANG_WARN_OBJC_ROOT_CLASS = YES_ERROR;
				CLANG_WARN_QUOTED_INCLUDE_IN_FRAMEWORK_HEADER = YES;
				CLANG_WARN_RANGE_LOOP_ANALYSIS = YES;
				CLANG_WARN_STRICT_PROTOTYPES = YES;
				CLANG_WARN_SUSPICIOUS_MOVE = YES;
				CLANG_WARN_UNGUARDED_AVAILABILITY = YES_AGGRESSIVE;
				CLANG_WARN_UNREACHABLE_CODE = YES;
				CLANG_WARN__DUPLICATE_METHOD_MATCH = YES;
				COPY_PHASE_STRIP = NO;
				DEBUG_INFORMATION_FORMAT = dwarf;
				ENABLE_STRICT_OBJC_MSGSEND = YES;
				ENABLE_TESTABILITY = YES;
				ENABLE_USER_SCRIPT_SANDBOXING = YES;
				GCC_C_LANGUAGE_STANDARD = gnu17;
				GCC_DYNAMIC_NO_PIC = NO;
				GCC_NO_COMMON_BLOCKS = YES;
				GCC_OPTIMIZATION_LEVEL = 0;
				GCC_PREPROCESSOR_DEFINITIONS = (
					"DEBUG=1",
					"$(inherited)",
				);
				GCC_WARN_64_TO_32_BIT_CONVERSION = YES;
				GCC_WARN_ABOUT_RETURN_TYPE = YES_ERROR;
				GCC_WARN_UNDECLARED_SELECTOR = YES;
				GCC_WARN_UNINITIALIZED_AUTOS = YES_AGGRESSIVE;
				GCC_WARN_UNUSED_FUNCTION = YES;
				GCC_WARN_UNUSED_VARIABLE = YES;
				IPHONEOS_DEPLOYMENT_TARGET = 17.2;
				LOCALIZATION_PREFERS_STRING_CATALOGS = YES;
				MTL_ENABLE_DEBUG_INFO = INCLUDE_SOURCE;
				MTL_FAST_MATH = YES;
				ONLY_ACTIVE_ARCH = YES;
				SDKROOT = iphoneos;
				SWIFT_ACTIVE_COMPILATION_CONDITIONS = "DEBUG $(inherited)";
				SWIFT_OPTIMIZATION_LEVEL = "-Onone";
			};
			name = Debug;
		};
		D476C7042C0B101400CF5D5D /* Release */ = {
			isa = XCBuildConfiguration;
			buildSettings = {
				ALWAYS_SEARCH_USER_PATHS = NO;
				ASSETCATALOG_COMPILER_GENERATE_SWIFT_ASSET_SYMBOL_EXTENSIONS = YES;
				CLANG_ANALYZER_NONNULL = YES;
				CLANG_ANALYZER_NUMBER_OBJECT_CONVERSION = YES_AGGRESSIVE;
				CLANG_CXX_LANGUAGE_STANDARD = "gnu++20";
				CLANG_ENABLE_MODULES = YES;
				CLANG_ENABLE_OBJC_ARC = YES;
				CLANG_ENABLE_OBJC_WEAK = YES;
				CLANG_WARN_BLOCK_CAPTURE_AUTORELEASING = YES;
				CLANG_WARN_BOOL_CONVERSION = YES;
				CLANG_WARN_COMMA = YES;
				CLANG_WARN_CONSTANT_CONVERSION = YES;
				CLANG_WARN_DEPRECATED_OBJC_IMPLEMENTATIONS = YES;
				CLANG_WARN_DIRECT_OBJC_ISA_USAGE = YES_ERROR;
				CLANG_WARN_DOCUMENTATION_COMMENTS = YES;
				CLANG_WARN_EMPTY_BODY = YES;
				CLANG_WARN_ENUM_CONVERSION = YES;
				CLANG_WARN_INFINITE_RECURSION = YES;
				CLANG_WARN_INT_CONVERSION = YES;
				CLANG_WARN_NON_LITERAL_NULL_CONVERSION = YES;
				CLANG_WARN_OBJC_IMPLICIT_RETAIN_SELF = YES;
				CLANG_WARN_OBJC_LITERAL_CONVERSION = YES;
				CLANG_WARN_OBJC_ROOT_CLASS = YES_ERROR;
				CLANG_WARN_QUOTED_INCLUDE_IN_FRAMEWORK_HEADER = YES;
				CLANG_WARN_RANGE_LOOP_ANALYSIS = YES;
				CLANG_WARN_STRICT_PROTOTYPES = YES;
				CLANG_WARN_SUSPICIOUS_MOVE = YES;
				CLANG_WARN_UNGUARDED_AVAILABILITY = YES_AGGRESSIVE;
				CLANG_WARN_UNREACHABLE_CODE = YES;
				CLANG_WARN__DUPLICATE_METHOD_MATCH = YES;
				COPY_PHASE_STRIP = NO;
				DEBUG_INFORMATION_FORMAT = "dwarf-with-dsym";
				ENABLE_NS_ASSERTIONS = NO;
				ENABLE_STRICT_OBJC_MSGSEND = YES;
				ENABLE_USER_SCRIPT_SANDBOXING = YES;
				GCC_C_LANGUAGE_STANDARD = gnu17;
				GCC_NO_COMMON_BLOCKS = YES;
				GCC_WARN_64_TO_32_BIT_CONVERSION = YES;
				GCC_WARN_ABOUT_RETURN_TYPE = YES_ERROR;
				GCC_WARN_UNDECLARED_SELECTOR = YES;
				GCC_WARN_UNINITIALIZED_AUTOS = YES_AGGRESSIVE;
				GCC_WARN_UNUSED_FUNCTION = YES;
				GCC_WARN_UNUSED_VARIABLE = YES;
				IPHONEOS_DEPLOYMENT_TARGET = 17.2;
				LOCALIZATION_PREFERS_STRING_CATALOGS = YES;
				MTL_ENABLE_DEBUG_INFO = NO;
				MTL_FAST_MATH = YES;
				SDKROOT = iphoneos;
				SWIFT_COMPILATION_MODE = wholemodule;
				VALIDATE_PRODUCT = YES;
			};
			name = Release;
		};
		D476C7062C0B101400CF5D5D /* Debug */ = {
			isa = XCBuildConfiguration;
			buildSettings = {
				ASSETCATALOG_COMPILER_APPICON_NAME = AppIcon;
				ASSETCATALOG_COMPILER_GLOBAL_ACCENT_COLOR_NAME = AccentColor;
				CODE_SIGN_STYLE = Automatic;
				CURRENT_PROJECT_VERSION = 1;
				DEVELOPMENT_TEAM = 86A66W7X5G;
				GENERATE_INFOPLIST_FILE = YES;
				INFOPLIST_FILE = Chart/Info.plist;
				INFOPLIST_KEY_UIApplicationSupportsIndirectInputEvents = YES;
				INFOPLIST_KEY_UILaunchStoryboardName = LaunchScreen;
				INFOPLIST_KEY_UIMainStoryboardFile = Main;
				INFOPLIST_KEY_UISupportedInterfaceOrientations_iPad = "UIInterfaceOrientationPortrait UIInterfaceOrientationPortraitUpsideDown UIInterfaceOrientationLandscapeLeft UIInterfaceOrientationLandscapeRight";
				INFOPLIST_KEY_UISupportedInterfaceOrientations_iPhone = "UIInterfaceOrientationPortrait UIInterfaceOrientationLandscapeLeft UIInterfaceOrientationLandscapeRight";
				LD_RUNPATH_SEARCH_PATHS = (
					"$(inherited)",
					"@executable_path/Frameworks",
				);
				MARKETING_VERSION = 1.0;
				PRODUCT_BUNDLE_IDENTIFIER = nycu.esd.312513028.Chart;
				PRODUCT_NAME = "$(TARGET_NAME)";
				SWIFT_EMIT_LOC_STRINGS = YES;
				SWIFT_VERSION = 5.0;
				TARGETED_DEVICE_FAMILY = "1,2";
			};
			name = Debug;
		};
		D476C7072C0B101400CF5D5D /* Release */ = {
			isa = XCBuildConfiguration;
			buildSettings = {
				ASSETCATALOG_COMPILER_APPICON_NAME = AppIcon;
				ASSETCATALOG_COMPILER_GLOBAL_ACCENT_COLOR_NAME = AccentColor;
				CODE_SIGN_STYLE = Automatic;
				CURRENT_PROJECT_VERSION = 1;
				DEVELOPMENT_TEAM = 86A66W7X5G;
				GENERATE_INFOPLIST_FILE = YES;
				INFOPLIST_FILE = Chart/Info.plist;
				INFOPLIST_KEY_UIApplicationSupportsIndirectInputEvents = YES;
				INFOPLIST_KEY_UILaunchStoryboardName = LaunchScreen;
				INFOPLIST_KEY_UIMainStoryboardFile = Main;
				INFOPLIST_KEY_UISupportedInterfaceOrientations_iPad = "UIInterfaceOrientationPortrait UIInterfaceOrientationPortraitUpsideDown UIInterfaceOrientationLandscapeLeft UIInterfaceOrientationLandscapeRight";
				INFOPLIST_KEY_UISupportedInterfaceOrientations_iPhone = "UIInterfaceOrientationPortrait UIInterfaceOrientationLandscapeLeft UIInterfaceOrientationLandscapeRight";
				LD_RUNPATH_SEARCH_PATHS = (
					"$(inherited)",
					"@executable_path/Frameworks",
				);
				MARKETING_VERSION = 1.0;
				PRODUCT_BUNDLE_IDENTIFIER = nycu.esd.312513028.Chart;
				PRODUCT_NAME = "$(TARGET_NAME)";
				SWIFT_EMIT_LOC_STRINGS = YES;
				SWIFT_VERSION = 5.0;
				TARGETED_DEVICE_FAMILY = "1,2";
			};
			name = Release;
		};
		D476C7092C0B101400CF5D5D /* Debug */ = {
			isa = XCBuildConfiguration;
			buildSettings = {
				ALWAYS_EMBED_SWIFT_STANDARD_LIBRARIES = YES;
				BUNDLE_LOADER = "$(TEST_HOST)";
				CODE_SIGN_STYLE = Automatic;
				CURRENT_PROJECT_VERSION = 1;
				DEVELOPMENT_TEAM = 86A66W7X5G;
				GENERATE_INFOPLIST_FILE = YES;
				IPHONEOS_DEPLOYMENT_TARGET = 17.2;
				MARKETING_VERSION = 1.0;
				PRODUCT_BUNDLE_IDENTIFIER = nycu.esd.312513028.ChartTests;
				PRODUCT_NAME = "$(TARGET_NAME)";
				SWIFT_EMIT_LOC_STRINGS = NO;
				SWIFT_VERSION = 5.0;
				TARGETED_DEVICE_FAMILY = "1,2";
				TEST_HOST = "$(BUILT_PRODUCTS_DIR)/Chart.app/$(BUNDLE_EXECUTABLE_FOLDER_PATH)/Chart";
			};
			name = Debug;
		};
		D476C70A2C0B101400CF5D5D /* Release */ = {
			isa = XCBuildConfiguration;
			buildSettings = {
				ALWAYS_EMBED_SWIFT_STANDARD_LIBRARIES = YES;
				BUNDLE_LOADER = "$(TEST_HOST)";
				CODE_SIGN_STYLE = Automatic;
				CURRENT_PROJECT_VERSION = 1;
				DEVELOPMENT_TEAM = 86A66W7X5G;
				GENERATE_INFOPLIST_FILE = YES;
				IPHONEOS_DEPLOYMENT_TARGET = 17.2;
				MARKETING_VERSION = 1.0;
				PRODUCT_BUNDLE_IDENTIFIER = nycu.esd.312513028.ChartTests;
				PRODUCT_NAME = "$(TARGET_NAME)";
				SWIFT_EMIT_LOC_STRINGS = NO;
				SWIFT_VERSION = 5.0;
				TARGETED_DEVICE_FAMILY = "1,2";
				TEST_HOST = "$(BUILT_PRODUCTS_DIR)/Chart.app/$(BUNDLE_EXECUTABLE_FOLDER_PATH)/Chart";
			};
			name = Release;
		};
		D476C70C2C0B101400CF5D5D /* Debug */ = {
			isa = XCBuildConfiguration;
			buildSettings = {
				ALWAYS_EMBED_SWIFT_STANDARD_LIBRARIES = YES;
				CODE_SIGN_STYLE = Automatic;
				CURRENT_PROJECT_VERSION = 1;
				DEVELOPMENT_TEAM = 86A66W7X5G;
				GENERATE_INFOPLIST_FILE = YES;
				MARKETING_VERSION = 1.0;
				PRODUCT_BUNDLE_IDENTIFIER = nycu.esd.312513028.ChartUITests;
				PRODUCT_NAME = "$(TARGET_NAME)";
				SWIFT_EMIT_LOC_STRINGS = NO;
				SWIFT_VERSION = 5.0;
				TARGETED_DEVICE_FAMILY = "1,2";
				TEST_TARGET_NAME = Chart;
			};
			name = Debug;
		};
		D476C70D2C0B101400CF5D5D /* Release */ = {
			isa = XCBuildConfiguration;
			buildSettings = {
				ALWAYS_EMBED_SWIFT_STANDARD_LIBRARIES = YES;
				CODE_SIGN_STYLE = Automatic;
				CURRENT_PROJECT_VERSION = 1;
				DEVELOPMENT_TEAM = 86A66W7X5G;
				GENERATE_INFOPLIST_FILE = YES;
				MARKETING_VERSION = 1.0;
				PRODUCT_BUNDLE_IDENTIFIER = nycu.esd.312513028.ChartUITests;
				PRODUCT_NAME = "$(TARGET_NAME)";
				SWIFT_EMIT_LOC_STRINGS = NO;
				SWIFT_VERSION = 5.0;
				TARGETED_DEVICE_FAMILY = "1,2";
				TEST_TARGET_NAME = Chart;
			};
			name = Release;
		};
/* End XCBuildConfiguration section */

/* Begin XCConfigurationList section */
		D476C6D62C0B101200CF5D5D /* Build configuration list for PBXProject "Chart" */ = {
			isa = XCConfigurationList;
			buildConfigurations = (
				D476C7032C0B101400CF5D5D /* Debug */,
				D476C7042C0B101400CF5D5D /* Release */,
			);
			defaultConfigurationIsVisible = 0;
			defaultConfigurationName = Release;
		};
		D476C7052C0B101400CF5D5D /* Build configuration list for PBXNativeTarget "Chart" */ = {
			isa = XCConfigurationList;
			buildConfigurations = (
				D476C7062C0B101400CF5D5D /* Debug */,
				D476C7072C0B101400CF5D5D /* Release */,
			);
			defaultConfigurationIsVisible = 0;
			defaultConfigurationName = Release;
		};
		D476C7082C0B101400CF5D5D /* Build configuration list for PBXNativeTarget "ChartTests" */ = {
			isa = XCConfigurationList;
			buildConfigurations = (
				D476C7092C0B101400CF5D5D /* Debug */,
				D476C70A2C0B101400CF5D5D /* Release */,
			);
			defaultConfigurationIsVisible = 0;
			defaultConfigurationName = Release;
		};
		D476C70B2C0B101400CF5D5D /* Build configuration list for PBXNativeTarget "ChartUITests" */ = {
			isa = XCConfigurationList;
			buildConfigurations = (
				D476C70C2C0B101400CF5D5D /* Debug */,
				D476C70D2C0B101400CF5D5D /* Release */,
			);
			defaultConfigurationIsVisible = 0;
			defaultConfigurationName = Release;
		};
/* End XCConfigurationList section */

/* Begin XCRemoteSwiftPackageReference section */
		D476C70E2C0B11F800CF5D5D /* XCRemoteSwiftPackageReference "Charts" */ = {
			isa = XCRemoteSwiftPackageReference;
			repositoryURL = "https://github.com/ChartsOrg/Charts";
			requirement = {
				kind = upToNextMajorVersion;
				minimumVersion = 5.1.0;
			};
		};
/* End XCRemoteSwiftPackageReference section */

/* Begin XCSwiftPackageProductDependency section */
		D476C70F2C0B132200CF5D5D /* DGCharts */ = {
			isa = XCSwiftPackageProductDependency;
			package = D476C70E2C0B11F800CF5D5D /* XCRemoteSwiftPackageReference "Charts" */;
			productName = DGCharts;
		};
/* End XCSwiftPackageProductDependency section */
	};
	rootObject = D476C6D32C0B101200CF5D5D /* Project object */;
}
